// !$*UTF8*$!
{
	archiveVersion = 1;
	classes = {
	};
	objectVersion = 46;
	objects = {

/* Begin PBXBuildFile section */
		07DF08661D4D784D00AAD7EA /* AppDelegate.swift in Sources */ = {isa = PBXBuildFile; fileRef = 07DF08651D4D784D00AAD7EA /* AppDelegate.swift */; };
		07DF08681D4D784D00AAD7EA /* ViewController.swift in Sources */ = {isa = PBXBuildFile; fileRef = 07DF08671D4D784D00AAD7EA /* ViewController.swift */; };
		07DF086B1D4D784D00AAD7EA /* Main.storyboard in Resources */ = {isa = PBXBuildFile; fileRef = 07DF08691D4D784D00AAD7EA /* Main.storyboard */; };
		07DF086D1D4D784D00AAD7EA /* Assets.xcassets in Resources */ = {isa = PBXBuildFile; fileRef = 07DF086C1D4D784D00AAD7EA /* Assets.xcassets */; };
		07DF08701D4D784D00AAD7EA /* LaunchScreen.storyboard in Resources */ = {isa = PBXBuildFile; fileRef = 07DF086E1D4D784D00AAD7EA /* LaunchScreen.storyboard */; };
		07DF08781D4D788F00AAD7EA /* OEMentions.swift in Sources */ = {isa = PBXBuildFile; fileRef = 07DF08771D4D788F00AAD7EA /* OEMentions.swift */; };
/* End PBXBuildFile section */

/* Begin PBXFileReference section */
		07DF08621D4D784D00AAD7EA /* OEMentions.app */ = {isa = PBXFileReference; explicitFileType = wrapper.application; includeInIndex = 0; path = OEMentions.app; sourceTree = BUILT_PRODUCTS_DIR; };
		07DF08651D4D784D00AAD7EA /* AppDelegate.swift */ = {isa = PBXFileReference; lastKnownFileType = sourcecode.swift; path = AppDelegate.swift; sourceTree = "<group>"; };
		07DF08671D4D784D00AAD7EA /* ViewController.swift */ = {isa = PBXFileReference; lastKnownFileType = sourcecode.swift; path = ViewController.swift; sourceTree = "<group>"; };
		07DF086A1D4D784D00AAD7EA /* Base */ = {isa = PBXFileReference; lastKnownFileType = file.storyboard; name = Base; path = Base.lproj/Main.storyboard; sourceTree = "<group>"; };
		07DF086C1D4D784D00AAD7EA /* Assets.xcassets */ = {isa = PBXFileReference; lastKnownFileType = folder.assetcatalog; path = Assets.xcassets; sourceTree = "<group>"; };
		07DF086F1D4D784D00AAD7EA /* Base */ = {isa = PBXFileReference; lastKnownFileType = file.storyboard; name = Base; path = Base.lproj/LaunchScreen.storyboard; sourceTree = "<group>"; };
		07DF08711D4D784D00AAD7EA /* Info.plist */ = {isa = PBXFileReference; lastKnownFileType = text.plist.xml; path = Info.plist; sourceTree = "<group>"; };
		07DF08771D4D788F00AAD7EA /* OEMentions.swift */ = {isa = PBXFileReference; fileEncoding = 4; lastKnownFileType = sourcecode.swift; path = OEMentions.swift; sourceTree = "<group>"; };
/* End PBXFileReference section */

/* Begin PBXFrameworksBuildPhase section */
		07DF085F1D4D784D00AAD7EA /* Frameworks */ = {
			isa = PBXFrameworksBuildPhase;
			buildActionMask = 2147483647;
			files = (
			);
			runOnlyForDeploymentPostprocessing = 0;
		};
/* End PBXFrameworksBuildPhase section */

/* Begin PBXGroup section */
		07DF08591D4D784D00AAD7EA = {
			isa = PBXGroup;
			children = (
				07DF08641D4D784D00AAD7EA /* OEMentions */,
				07DF08631D4D784D00AAD7EA /* Products */,
			);
			sourceTree = "<group>";
		};
		07DF08631D4D784D00AAD7EA /* Products */ = {
			isa = PBXGroup;
			children = (
				07DF08621D4D784D00AAD7EA /* OEMentions.app */,
			);
			name = Products;
			sourceTree = "<group>";
		};
		07DF08641D4D784D00AAD7EA /* OEMentions */ = {
			isa = PBXGroup;
			children = (
				07DF08651D4D784D00AAD7EA /* AppDelegate.swift */,
				07DF08671D4D784D00AAD7EA /* ViewController.swift */,
				07DF08691D4D784D00AAD7EA /* Main.storyboard */,
				07DF086C1D4D784D00AAD7EA /* Assets.xcassets */,
				07DF086E1D4D784D00AAD7EA /* LaunchScreen.storyboard */,
				07DF08711D4D784D00AAD7EA /* Info.plist */,
				07DF08771D4D788F00AAD7EA /* OEMentions.swift */,
			);
			path = OEMentions;
			sourceTree = "<group>";
		};
/* End PBXGroup section */

/* Begin PBXNativeTarget section */
		07DF08611D4D784D00AAD7EA /* OEMentions */ = {
			isa = PBXNativeTarget;
			buildConfigurationList = 07DF08741D4D784D00AAD7EA /* Build configuration list for PBXNativeTarget "OEMentions" */;
			buildPhases = (
				07DF085E1D4D784D00AAD7EA /* Sources */,
				07DF085F1D4D784D00AAD7EA /* Frameworks */,
				07DF08601D4D784D00AAD7EA /* Resources */,
			);
			buildRules = (
			);
			dependencies = (
			);
			name = OEMentions;
			productName = OEMentions;
			productReference = 07DF08621D4D784D00AAD7EA /* OEMentions.app */;
			productType = "com.apple.product-type.application";
		};
/* End PBXNativeTarget section */

/* Begin PBXProject section */
		07DF085A1D4D784D00AAD7EA /* Project object */ = {
			isa = PBXProject;
			attributes = {
				LastSwiftUpdateCheck = 0730;
				LastUpgradeCheck = 0730;
				ORGANIZATIONNAME = omaressa;
				TargetAttributes = {
					07DF08611D4D784D00AAD7EA = {
						CreatedOnToolsVersion = 7.3;
					};
				};
			};
			buildConfigurationList = 07DF085D1D4D784D00AAD7EA /* Build configuration list for PBXProject "OEMentions" */;
			compatibilityVersion = "Xcode 3.2";
			developmentRegion = English;
			hasScannedForEncodings = 0;
			knownRegions = (
				en,
				Base,
			);
			mainGroup = 07DF08591D4D784D00AAD7EA;
			productRefGroup = 07DF08631D4D784D00AAD7EA /* Products */;
			projectDirPath = "";
			projectRoot = "";
			targets = (
				07DF08611D4D784D00AAD7EA /* OEMentions */,
			);
		};
/* End PBXProject section */

/* Begin PBXResourcesBuildPhase section */
		07DF08601D4D784D00AAD7EA /* Resources */ = {
			isa = PBXResourcesBuildPhase;
			buildActionMask = 2147483647;
			files = (
				07DF08701D4D784D00AAD7EA /* LaunchScreen.storyboard in Resources */,
				07DF086D1D4D784D00AAD7EA /* Assets.xcassets in Resources */,
				07DF086B1D4D784D00AAD7EA /* Main.storyboard in Resources */,
			);
			runOnlyForDeploymentPostprocessing = 0;
		};
/* End PBXResourcesBuildPhase section */

/* Begin PBXSourcesBuildPhase section */
		07DF085E1D4D784D00AAD7EA /* Sources */ = {
			isa = PBXSourcesBuildPhase;
			buildActionMask = 2147483647;
			files = (
				07DF08681D4D784D00AAD7EA /* ViewController.swift in Sources */,
				07DF08781D4D788F00AAD7EA /* OEMentions.swift in Sources */,
				07DF08661D4D784D00AAD7EA /* AppDelegate.swift in Sources */,
			);
			runOnlyForDeploymentPostprocessing = 0;
		};
/* End PBXSourcesBuildPhase section */

/* Begin PBXVariantGroup section */
		07DF08691D4D784D00AAD7EA /* Main.storyboard */ = {
			isa = PBXVariantGroup;
			children = (
				07DF086A1D4D784D00AAD7EA /* Base */,
			);
			name = Main.storyboard;
			sourceTree = "<group>";
		};
		07DF086E1D4D784D00AAD7EA /* LaunchScreen.storyboard */ = {
			isa = PBXVariantGroup;
			children = (
				07DF086F1D4D784D00AAD7EA /* Base */,
			);
			name = LaunchScreen.storyboard;
			sourceTree = "<group>";
		};
/* End PBXVariantGroup section */

/* Begin XCBuildConfiguration section */
		07DF08721D4D784D00AAD7EA /* Debug */ = {
			isa = XCBuildConfiguration;
			buildSettings = {
				ALWAYS_SEARCH_USER_PATHS = NO;
				CLANG_ANALYZER_NONNULL = YES;
				CLANG_CXX_LANGUAGE_STANDARD = "gnu++0x";
				CLANG_CXX_LIBRARY = "libc++";
				CLANG_ENABLE_MODULES = YES;
				CLANG_ENABLE_OBJC_ARC = YES;
				CLANG_WARN_BOOL_CONVERSION = YES;
				CLANG_WARN_CONSTANT_CONVERSION = YES;
				CLANG_WARN_DIRECT_OBJC_ISA_USAGE = YES_ERROR;
				CLANG_WARN_EMPTY_BODY = YES;
				CLANG_WARN_ENUM_CONVERSION = YES;
				CLANG_WARN_INT_CONVERSION = YES;
				CLANG_WARN_OBJC_ROOT_CLASS = YES_ERROR;
				CLANG_WARN_UNREACHABLE_CODE = YES;
				CLANG_WARN__DUPLICATE_METHOD_MATCH = YES;
				"CODE_SIGN_IDENTITY[sdk=iphoneos*]" = "iPhone Developer";
				COPY_PHASE_STRIP = NO;
				DEBUG_INFORMATION_FORMAT = dwarf;
				ENABLE_STRICT_OBJC_MSGSEND = YES;
				ENABLE_TESTABILITY = YES;
				GCC_C_LANGUAGE_STANDARD = gnu99;
				GCC_DYNAMIC_NO_PIC = NO;
				GCC_NO_COMMON_BLOCKS = YES;
				GCC_OPTIMIZATION_LEVEL = 0;
				GCC_PREPROCESSOR_DEFINITIONS = (
					"DEBUG=1",
					"$(inherited)",
				);
				GCC_WARN_64_TO_32_BIT_CONVERSION = YES;
				GCC_WARN_ABOUT_RETURN_TYPE = YES_ERROR;
				GCC_WARN_UNDECLARED_SELECTOR = YES;
				GCC_WARN_UNINITIALIZED_AUTOS = YES_AGGRESSIVE;
				GCC_WARN_UNUSED_FUNCTION = YES;
				GCC_WARN_UNUSED_VARIABLE = YES;
				IPHONEOS_DEPLOYMENT_TARGET = 9.3;
				MTL_ENABLE_DEBUG_INFO = YES;
				ONLY_ACTIVE_ARCH = YES;
				SDKROOT = iphoneos;
				SWIFT_OPTIMIZATION_LEVEL = "-Onone";
				TARGETED_DEVICE_FAMILY = "1,2";
			};
			name = Debug;
		};
		07DF08731D4D784D00AAD7EA /* Release */ = {
			isa = XCBuildConfiguration;
			buildSettings = {
				ALWAYS_SEARCH_USER_PATHS = NO;
				CLANG_ANALYZER_NONNULL = YES;
				CLANG_CXX_LANGUAGE_STANDARD = "gnu++0x";
				CLANG_CXX_LIBRARY = "libc++";
				CLANG_ENABLE_MODULES = YES;
				CLANG_ENABLE_OBJC_ARC = YES;
				CLANG_WARN_BOOL_CONVERSION = YES;
				CLANG_WARN_CONSTANT_CONVERSION = YES;
				CLANG_WARN_DIRECT_OBJC_ISA_USAGE = YES_ERROR;
				CLANG_WARN_EMPTY_BODY = YES;
				CLANG_WARN_ENUM_CONVERSION = YES;
				CLANG_WARN_INT_CONVERSION = YES;
				CLANG_WARN_OBJC_ROOT_CLASS = YES_ERROR;
				CLANG_WARN_UNREACHABLE_CODE = YES;
				CLANG_WARN__DUPLICATE_METHOD_MATCH = YES;
				"CODE_SIGN_IDENTITY[sdk=iphoneos*]" = "iPhone Developer";
				COPY_PHASE_STRIP = NO;
				DEBUG_INFORMATION_FORMAT = "dwarf-with-dsym";
				ENABLE_NS_ASSERTIONS = NO;
				ENABLE_STRICT_OBJC_MSGSEND = YES;
				GCC_C_LANGUAGE_STANDARD = gnu99;
				GCC_NO_COMMON_BLOCKS = YES;
				GCC_WARN_64_TO_32_BIT_CONVERSION = YES;
				GCC_WARN_ABOUT_RETURN_TYPE = YES_ERROR;
				GCC_WARN_UNDECLARED_SELECTOR = YES;
				GCC_WARN_UNINITIALIZED_AUTOS = YES_AGGRESSIVE;
				GCC_WARN_UNUSED_FUNCTION = YES;
				GCC_WARN_UNUSED_VARIABLE = YES;
				IPHONEOS_DEPLOYMENT_TARGET = 9.3;
				MTL_ENABLE_DEBUG_INFO = NO;
				SDKROOT = iphoneos;
				TARGETED_DEVICE_FAMILY = "1,2";
				VALIDATE_PRODUCT = YES;
			};
			name = Release;
		};
		07DF08751D4D784D00AAD7EA /* Debug */ = {
			isa = XCBuildConfiguration;
			buildSettings = {
				ASSETCATALOG_COMPILER_APPICON_NAME = AppIcon;
				INFOPLIST_FILE = OEMentions/Info.plist;
				LD_RUNPATH_SEARCH_PATHS = "$(inherited) @executable_path/Frameworks";
				PRODUCT_BUNDLE_IDENTIFIER = com.omaressa.OEMentions;
				PRODUCT_NAME = "$(TARGET_NAME)";
			};
			name = Debug;
		};
		07DF08761D4D784D00AAD7EA /* Release */ = {
			isa = XCBuildConfiguration;
			buildSettings = {
				ASSETCATALOG_COMPILER_APPICON_NAME = AppIcon;
				INFOPLIST_FILE = OEMentions/Info.plist;
				LD_RUNPATH_SEARCH_PATHS = "$(inherited) @executable_path/Frameworks";
				PRODUCT_BUNDLE_IDENTIFIER = com.omaressa.OEMentions;
				PRODUCT_NAME = "$(TARGET_NAME)";
			};
			name = Release;
		};
/* End XCBuildConfiguration section */

/* Begin XCConfigurationList section */
		07DF085D1D4D784D00AAD7EA /* Build configuration list for PBXProject "OEMentions" */ = {
			isa = XCConfigurationList;
			buildConfigurations = (
				07DF08721D4D784D00AAD7EA /* Debug */,
				07DF08731D4D784D00AAD7EA /* Release */,
			);
			defaultConfigurationIsVisible = 0;
			defaultConfigurationName = Release;
		};
		07DF08741D4D784D00AAD7EA /* Build configuration list for PBXNativeTarget "OEMentions" */ = {
			isa = XCConfigurationList;
			buildConfigurations = (
				07DF08751D4D784D00AAD7EA /* Debug */,
				07DF08761D4D784D00AAD7EA /* Release */,
			);
			defaultConfigurationIsVisible = 0;
		};
/* End XCConfigurationList section */
	};
	rootObject = 07DF085A1D4D784D00AAD7EA /* Project object */;
}
